
Microsoft Visual Studio Solution File, Format Version 12.00
# Visual Studio Version 17
VisualStudioVersion = 17.0.31919.166
MinimumVisualStudioVersion = 10.0.40219.1
Project("{8BC9CEB8-8B4A-11D0-8D11-00A0C91BC942}") = "eqgzi", "eqgzi.vcxproj", "{B9FFE997-D9AE-47A0-ADBF-704D5F24AD42}"
EndProject
Global
	GlobalSection(SolutionConfigurationPlatforms) = preSolution
		Debug|x64 = Debug|x64
		Debug|x86 = Debug|x86
		Release|x64 = Release|x64
		Release|x86 = Release|x86
	EndGlobalSection
	GlobalSection(ProjectConfigurationPlatforms) = postSolution
		{B9FFE997-D9AE-47A0-ADBF-704D5F24AD42}.Debug|x64.ActiveCfg = Debug|x64
		{B9FFE997-D9AE-47A0-ADBF-704D5F24AD42}.Debug|x64.Build.0 = Debug|x64
		{B9FFE997-D9AE-47A0-ADBF-704D5F24AD42}.Debug|x86.ActiveCfg = Debug|Win32
		{B9FFE997-D9AE-47A0-ADBF-704D5F24AD42}.Debug|x86.Build.0 = Debug|Win32
		{B9FFE997-D9AE-47A0-ADBF-704D5F24AD42}.Release|x64.ActiveCfg = Release|x64
		{B9FFE997-D9AE-47A0-ADBF-704D5F24AD42}.Release|x64.Build.0 = Release|x64
		{B9FFE997-D9AE-47A0-ADBF-704D5F24AD42}.Release|x86.ActiveCfg = Release|Win32
		{B9FFE997-D9AE-47A0-ADBF-704D5F24AD42}.Release|x86.Build.0 = Release|Win32
	EndGlobalSection
	GlobalSection(SolutionProperties) = preSolution
		HideSolutionNode = FALSE
	EndGlobalSection
	GlobalSection(ExtensibilityGlobals) = postSolution
		SolutionGuid = {EFA4E6A5-E254-41C9-B60F-A6261B990FE9}
	EndGlobalSection
EndGlobal
